Microsoft Visual Studio Solution File, Format Version 12.00
# Visual Studio Version 17
VisualStudioVersion = 17.5.2.0
MinimumVisualStudioVersion = 10.0.40219.1
Project("{2150E333-8FDC-42A3-9474-1A3956D46DE8}") = "backend", "backend", "{1AE8ACA6-933B-BF2A-3671-3E2EAC007D16}"
EndProject
Project("{FAE04EC0-301F-11D3-BF4B-00C04F79EFBC}") = "Workshop.Api", "backend\Workshop.Api\Workshop.Api.csproj", "{F142DE8C-FA6B-921F-EF79-B4DF4506147C}"
EndProject
Project("{FAE04EC0-301F-11D3-BF4B-00C04F79EFBC}") = "CarjamImporter", "backend\CarjamImporter\CarjamImporter.csproj", "{728EB786-7BD7-4257-8576-ED815D12A045}"
EndProject
Global
	GlobalSection(SolutionConfigurationPlatforms) = preSolution
		Debug|Any CPU = Debug|Any CPU
		Release|Any CPU = Release|Any CPU
	EndGlobalSection
	GlobalSection(ProjectConfigurationPlatforms) = postSolution
		{F142DE8C-FA6B-921F-EF79-B4DF4506147C}.Debug|Any CPU.ActiveCfg = Debug|Any CPU
		{F142DE8C-FA6B-921F-EF79-B4DF4506147C}.Debug|Any CPU.Build.0 = Debug|Any CPU
		{F142DE8C-FA6B-921F-EF79-B4DF4506147C}.Release|Any CPU.ActiveCfg = Release|Any CPU
		{F142DE8C-FA6B-921F-EF79-B4DF4506147C}.Release|Any CPU.Build.0 = Release|Any CPU
		{728EB786-7BD7-4257-8576-ED815D12A045}.Debug|Any CPU.ActiveCfg = Debug|Any CPU
		{728EB786-7BD7-4257-8576-ED815D12A045}.Debug|Any CPU.Build.0 = Debug|Any CPU
		{728EB786-7BD7-4257-8576-ED815D12A045}.Release|Any CPU.ActiveCfg = Release|Any CPU
		{728EB786-7BD7-4257-8576-ED815D12A045}.Release|Any CPU.Build.0 = Release|Any CPU
	EndGlobalSection
	GlobalSection(SolutionProperties) = preSolution
		HideSolutionNode = FALSE
	EndGlobalSection
	GlobalSection(NestedProjects) = preSolution
		{F142DE8C-FA6B-921F-EF79-B4DF4506147C} = {1AE8ACA6-933B-BF2A-3671-3E2EAC007D16}
		{728EB786-7BD7-4257-8576-ED815D12A045} = {1AE8ACA6-933B-BF2A-3671-3E2EAC007D16}
	EndGlobalSection
	GlobalSection(ExtensibilityGlobals) = postSolution
		SolutionGuid = {6300AC5D-9CB2-4FF1-B52B-BF533073A363}
	EndGlobalSection
EndGlobal
